// !$*UTF8*$!
{
	archiveVersion = 1;
	classes = {
	};
	objectVersion = 50;
	objects = {

/* Begin PBXBuildFile section */
		4466EA2E26379323008981D2 /* AppDelegate.swift in Sources */ = {isa = PBXBuildFile; fileRef = 4466EA2D26379323008981D2 /* AppDelegate.swift */; };
		4466EA3026379323008981D2 /* SceneDelegate.swift in Sources */ = {isa = PBXBuildFile; fileRef = 4466EA2F26379323008981D2 /* SceneDelegate.swift */; };
		4466EA3226379323008981D2 /* ViewController.swift in Sources */ = {isa = PBXBuildFile; fileRef = 4466EA3126379323008981D2 /* ViewController.swift */; };
		4466EA3526379323008981D2 /* Main.storyboard in Resources */ = {isa = PBXBuildFile; fileRef = 4466EA3326379323008981D2 /* Main.storyboard */; };
		4466EA3726379324008981D2 /* Assets.xcassets in Resources */ = {isa = PBXBuildFile; fileRef = 4466EA3626379324008981D2 /* Assets.xcassets */; };
		4466EA3A26379324008981D2 /* LaunchScreen.storyboard in Resources */ = {isa = PBXBuildFile; fileRef = 4466EA3826379324008981D2 /* LaunchScreen.storyboard */; };
		4466EA422637934A008981D2 /* CustomControl.swift in Sources */ = {isa = PBXBuildFile; fileRef = 4466EA412637934A008981D2 /* CustomControl.swift */; };
/* End PBXBuildFile section */

/* Begin PBXFileReference section */
		4466EA2A26379323008981D2 /* SwiftUIKitUIControlDemo.app */ = {isa = PBXFileReference; explicitFileType = wrapper.application; includeInIndex = 0; path = SwiftUIKitUIControlDemo.app; sourceTree = BUILT_PRODUCTS_DIR; };
		4466EA2D26379323008981D2 /* AppDelegate.swift */ = {isa = PBXFileReference; lastKnownFileType = sourcecode.swift; path = AppDelegate.swift; sourceTree = "<group>"; };
		4466EA2F26379323008981D2 /* SceneDelegate.swift */ = {isa = PBXFileReference; lastKnownFileType = sourcecode.swift; path = SceneDelegate.swift; sourceTree = "<group>"; };
		4466EA3126379323008981D2 /* ViewController.swift */ = {isa = PBXFileReference; lastKnownFileType = sourcecode.swift; path = ViewController.swift; sourceTree = "<group>"; };
		4466EA3426379323008981D2 /* Base */ = {isa = PBXFileReference; lastKnownFileType = file.storyboard; name = Base; path = Base.lproj/Main.storyboard; sourceTree = "<group>"; };
		4466EA3626379324008981D2 /* Assets.xcassets */ = {isa = PBXFileReference; lastKnownFileType = folder.assetcatalog; path = Assets.xcassets; sourceTree = "<group>"; };
		4466EA3926379324008981D2 /* Base */ = {isa = PBXFileReference; lastKnownFileType = file.storyboard; name = Base; path = Base.lproj/LaunchScreen.storyboard; sourceTree = "<group>"; };
		4466EA3B26379324008981D2 /* Info.plist */ = {isa = PBXFileReference; lastKnownFileType = text.plist.xml; path = Info.plist; sourceTree = "<group>"; };
		4466EA412637934A008981D2 /* CustomControl.swift */ = {isa = PBXFileReference; lastKnownFileType = sourcecode.swift; path = CustomControl.swift; sourceTree = "<group>"; };
/* End PBXFileReference section */

/* Begin PBXFrameworksBuildPhase section */
		4466EA2726379323008981D2 /* Frameworks */ = {
			isa = PBXFrameworksBuildPhase;
			buildActionMask = 2147483647;
			files = (
			);
			runOnlyForDeploymentPostprocessing = 0;
		};
/* End PBXFrameworksBuildPhase section */

/* Begin PBXGroup section */
		4466EA2126379322008981D2 = {
			isa = PBXGroup;
			children = (
				4466EA2C26379323008981D2 /* SwiftUIKitUIControlDemo */,
				4466EA2B26379323008981D2 /* Products */,
			);
			sourceTree = "<group>";
		};
		4466EA2B26379323008981D2 /* Products */ = {
			isa = PBXGroup;
			children = (
				4466EA2A26379323008981D2 /* SwiftUIKitUIControlDemo.app */,
			);
			name = Products;
			sourceTree = "<group>";
		};
		4466EA2C26379323008981D2 /* SwiftUIKitUIControlDemo */ = {
			isa = PBXGroup;
			children = (
				4466EA2D26379323008981D2 /* AppDelegate.swift */,
				4466EA2F26379323008981D2 /* SceneDelegate.swift */,
				4466EA3126379323008981D2 /* ViewController.swift */,
				4466EA412637934A008981D2 /* CustomControl.swift */,
				4466EA3326379323008981D2 /* Main.storyboard */,
				4466EA3626379324008981D2 /* Assets.xcassets */,
				4466EA3826379324008981D2 /* LaunchScreen.storyboard */,
				4466EA3B26379324008981D2 /* Info.plist */,
			);
			path = SwiftUIKitUIControlDemo;
			sourceTree = "<group>";
		};
/* End PBXGroup section */

/* Begin PBXNativeTarget section */
		4466EA2926379323008981D2 /* SwiftUIKitUIControlDemo */ = {
			isa = PBXNativeTarget;
			buildConfigurationList = 4466EA3E26379324008981D2 /* Build configuration list for PBXNativeTarget "SwiftUIKitUIControlDemo" */;
			buildPhases = (
				4466EA2626379323008981D2 /* Sources */,
				4466EA2726379323008981D2 /* Frameworks */,
				4466EA2826379323008981D2 /* Resources */,
			);
			buildRules = (
			);
			dependencies = (
			);
			name = SwiftUIKitUIControlDemo;
			productName = SwiftUIKitUIControlDemo;
			productReference = 4466EA2A26379323008981D2 /* SwiftUIKitUIControlDemo.app */;
			productType = "com.apple.product-type.application";
		};
/* End PBXNativeTarget section */

/* Begin PBXProject section */
		4466EA2226379322008981D2 /* Project object */ = {
			isa = PBXProject;
			attributes = {
				LastSwiftUpdateCheck = 1130;
				LastUpgradeCheck = 1130;
				ORGANIZATIONNAME = MyZone;
				TargetAttributes = {
					4466EA2926379323008981D2 = {
						CreatedOnToolsVersion = 11.3.1;
					};
				};
			};
			buildConfigurationList = 4466EA2526379322008981D2 /* Build configuration list for PBXProject "SwiftUIKitUIControlDemo" */;
			compatibilityVersion = "Xcode 9.3";
			developmentRegion = en;
			hasScannedForEncodings = 0;
			knownRegions = (
				en,
				Base,
			);
			mainGroup = 4466EA2126379322008981D2;
			productRefGroup = 4466EA2B26379323008981D2 /* Products */;
			projectDirPath = "";
			projectRoot = "";
			targets = (
				4466EA2926379323008981D2 /* SwiftUIKitUIControlDemo */,
			);
		};
/* End PBXProject section */

/* Begin PBXResourcesBuildPhase section */
		4466EA2826379323008981D2 /* Resources */ = {
			isa = PBXResourcesBuildPhase;
			buildActionMask = 2147483647;
			files = (
				4466EA3A26379324008981D2 /* LaunchScreen.storyboard in Resources */,
				4466EA3726379324008981D2 /* Assets.xcassets in Resources */,
				4466EA3526379323008981D2 /* Main.storyboard in Resources */,
			);
			runOnlyForDeploymentPostprocessing = 0;
		};
/* End PBXResourcesBuildPhase section */

/* Begin PBXSourcesBuildPhase section */
		4466EA2626379323008981D2 /* Sources */ = {
			isa = PBXSourcesBuildPhase;
			buildActionMask = 2147483647;
			files = (
				4466EA3226379323008981D2 /* ViewController.swift in Sources */,
				4466EA2E26379323008981D2 /* AppDelegate.swift in Sources */,
				4466EA422637934A008981D2 /* CustomControl.swift in Sources */,
				4466EA3026379323008981D2 /* SceneDelegate.swift in Sources */,
			);
			runOnlyForDeploymentPostprocessing = 0;
		};
/* End PBXSourcesBuildPhase section */

/* Begin PBXVariantGroup section */
		4466EA3326379323008981D2 /* Main.storyboard */ = {
			isa = PBXVariantGroup;
			children = (
				4466EA3426379323008981D2 /* Base */,
			);
			name = Main.storyboard;
			sourceTree = "<group>";
		};
		4466EA3826379324008981D2 /* LaunchScreen.storyboard */ = {
			isa = PBXVariantGroup;
			children = (
				4466EA3926379324008981D2 /* Base */,
			);
			name = LaunchScreen.storyboard;
			sourceTree = "<group>";
		};
/* End PBXVariantGroup section */

/* Begin XCBuildConfiguration section */
		4466EA3C26379324008981D2 /* Debug */ = {
			isa = XCBuildConfiguration;
			buildSettings = {
				ALWAYS_SEARCH_USER_PATHS = NO;
				CLANG_ANALYZER_NONNULL = YES;
				CLANG_ANALYZER_NUMBER_OBJECT_CONVERSION = YES_AGGRESSIVE;
				CLANG_CXX_LANGUAGE_STANDARD = "gnu++14";
				CLANG_CXX_LIBRARY = "libc++";
				CLANG_ENABLE_MODULES = YES;
				CLANG_ENABLE_OBJC_ARC = YES;
				CLANG_ENABLE_OBJC_WEAK = YES;
				CLANG_WARN_BLOCK_CAPTURE_AUTORELEASING = YES;
				CLANG_WARN_BOOL_CONVERSION = YES;
				CLANG_WARN_COMMA = YES;
				CLANG_WARN_CONSTANT_CONVERSION = YES;
				CLANG_WARN_DEPRECATED_OBJC_IMPLEMENTATIONS = YES;
				CLANG_WARN_DIRECT_OBJC_ISA_USAGE = YES_ERROR;
				CLANG_WARN_DOCUMENTATION_COMMENTS = YES;
				CLANG_WARN_EMPTY_BODY = YES;
				CLANG_WARN_ENUM_CONVERSION = YES;
				CLANG_WARN_INFINITE_RECURSION = YES;
				CLANG_WARN_INT_CONVERSION = YES;
				CLANG_WARN_NON_LITERAL_NULL_CONVERSION = YES;
				CLANG_WARN_OBJC_IMPLICIT_RETAIN_SELF = YES;
				CLANG_WARN_OBJC_LITERAL_CONVERSION = YES;
				CLANG_WARN_OBJC_ROOT_CLASS = YES_ERROR;
				CLANG_WARN_RANGE_LOOP_ANALYSIS = YES;
				CLANG_WARN_STRICT_PROTOTYPES = YES;
				CLANG_WARN_SUSPICIOUS_MOVE = YES;
				CLANG_WARN_UNGUARDED_AVAILABILITY = YES_AGGRESSIVE;
				CLANG_WARN_UNREACHABLE_CODE = YES;
				CLANG_WARN__DUPLICATE_METHOD_MATCH = YES;
				COPY_PHASE_STRIP = NO;
				DEBUG_INFORMATION_FORMAT = dwarf;
				ENABLE_STRICT_OBJC_MSGSEND = YES;
				ENABLE_TESTABILITY = YES;
				GCC_C_LANGUAGE_STANDARD = gnu11;
				GCC_DYNAMIC_NO_PIC = NO;
				GCC_NO_COMMON_BLOCKS = YES;
				GCC_OPTIMIZATION_LEVEL = 0;
				GCC_PREPROCESSOR_DEFINITIONS = (
					"DEBUG=1",
					"$(inherited)",
				);
				GCC_WARN_64_TO_32_BIT_CONVERSION = YES;
				GCC_WARN_ABOUT_RETURN_TYPE = YES_ERROR;
				GCC_WARN_UNDECLARED_SELECTOR = YES;
				GCC_WARN_UNINITIALIZED_AUTOS = YES_AGGRESSIVE;
				GCC_WARN_UNUSED_FUNCTION = YES;
				GCC_WARN_UNUSED_VARIABLE = YES;
				IPHONEOS_DEPLOYMENT_TARGET = 13.2;
				MTL_ENABLE_DEBUG_INFO = INCLUDE_SOURCE;
				MTL_FAST_MATH = YES;
				ONLY_ACTIVE_ARCH = YES;
				SDKROOT = iphoneos;
				SWIFT_ACTIVE_COMPILATION_CONDITIONS = DEBUG;
				SWIFT_OPTIMIZATION_LEVEL = "-Onone";
			};
			name = Debug;
		};
		4466EA3D26379324008981D2 /* Release */ = {
			isa = XCBuildConfiguration;
			buildSettings = {
				ALWAYS_SEARCH_USER_PATHS = NO;
				CLANG_ANALYZER_NONNULL = YES;
				CLANG_ANALYZER_NUMBER_OBJECT_CONVERSION = YES_AGGRESSIVE;
				CLANG_CXX_LANGUAGE_STANDARD = "gnu++14";
				CLANG_CXX_LIBRARY = "libc++";
				CLANG_ENABLE_MODULES = YES;
				CLANG_ENABLE_OBJC_ARC = YES;
				CLANG_ENABLE_OBJC_WEAK = YES;
				CLANG_WARN_BLOCK_CAPTURE_AUTORELEASING = YES;
				CLANG_WARN_BOOL_CONVERSION = YES;
				CLANG_WARN_COMMA = YES;
				CLANG_WARN_CONSTANT_CONVERSION = YES;
				CLANG_WARN_DEPRECATED_OBJC_IMPLEMENTATIONS = YES;
				CLANG_WARN_DIRECT_OBJC_ISA_USAGE = YES_ERROR;
				CLANG_WARN_DOCUMENTATION_COMMENTS = YES;
				CLANG_WARN_EMPTY_BODY = YES;
				CLANG_WARN_ENUM_CONVERSION = YES;
				CLANG_WARN_INFINITE_RECURSION = YES;
				CLANG_WARN_INT_CONVERSION = YES;
				CLANG_WARN_NON_LITERAL_NULL_CONVERSION = YES;
				CLANG_WARN_OBJC_IMPLICIT_RETAIN_SELF = YES;
				CLANG_WARN_OBJC_LITERAL_CONVERSION = YES;
				CLANG_WARN_OBJC_ROOT_CLASS = YES_ERROR;
				CLANG_WARN_RANGE_LOOP_ANALYSIS = YES;
				CLANG_WARN_STRICT_PROTOTYPES = YES;
				CLANG_WARN_SUSPICIOUS_MOVE = YES;
				CLANG_WARN_UNGUARDED_AVAILABILITY = YES_AGGRESSIVE;
				CLANG_WARN_UNREACHABLE_CODE = YES;
				CLANG_WARN__DUPLICATE_METHOD_MATCH = YES;
				COPY_PHASE_STRIP = NO;
				DEBUG_INFORMATION_FORMAT = "dwarf-with-dsym";
				ENABLE_NS_ASSERTIONS = NO;
				ENABLE_STRICT_OBJC_MSGSEND = YES;
				GCC_C_LANGUAGE_STANDARD = gnu11;
				GCC_NO_COMMON_BLOCKS = YES;
				GCC_WARN_64_TO_32_BIT_CONVERSION = YES;
				GCC_WARN_ABOUT_RETURN_TYPE = YES_ERROR;
				GCC_WARN_UNDECLARED_SELECTOR = YES;
				GCC_WARN_UNINITIALIZED_AUTOS = YES_AGGRESSIVE;
				GCC_WARN_UNUSED_FUNCTION = YES;
				GCC_WARN_UNUSED_VARIABLE = YES;
				IPHONEOS_DEPLOYMENT_TARGET = 13.2;
				MTL_ENABLE_DEBUG_INFO = NO;
				MTL_FAST_MATH = YES;
				SDKROOT = iphoneos;
				SWIFT_COMPILATION_MODE = wholemodule;
				SWIFT_OPTIMIZATION_LEVEL = "-O";
				VALIDATE_PRODUCT = YES;
			};
			name = Release;
		};
		4466EA3F26379324008981D2 /* Debug */ = {
			isa = XCBuildConfiguration;
			buildSettings = {
				ASSETCATALOG_COMPILER_APPICON_NAME = AppIcon;
				CODE_SIGN_STYLE = Automatic;
				DEVELOPMENT_TEAM = VAA9XW756G;
				INFOPLIST_FILE = SwiftUIKitUIControlDemo/Info.plist;
				LD_RUNPATH_SEARCH_PATHS = (
					"$(inherited)",
					"@executable_path/Frameworks",
				);
				PRODUCT_BUNDLE_IDENTIFIER = com.vicentz.SwiftUIKitUIControlDemo;
				PRODUCT_NAME = "$(TARGET_NAME)";
				SWIFT_VERSION = 5.0;
				TARGETED_DEVICE_FAMILY = "1,2";
			};
			name = Debug;
		};
		4466EA4026379324008981D2 /* Release */ = {
			isa = XCBuildConfiguration;
			buildSettings = {
				ASSETCATALOG_COMPILER_APPICON_NAME = AppIcon;
				CODE_SIGN_STYLE = Automatic;
				DEVELOPMENT_TEAM = VAA9XW756G;
				INFOPLIST_FILE = SwiftUIKitUIControlDemo/Info.plist;
				LD_RUNPATH_SEARCH_PATHS = (
					"$(inherited)",
					"@executable_path/Frameworks",
				);
				PRODUCT_BUNDLE_IDENTIFIER = com.vicentz.SwiftUIKitUIControlDemo;
				PRODUCT_NAME = "$(TARGET_NAME)";
				SWIFT_VERSION = 5.0;
				TARGETED_DEVICE_FAMILY = "1,2";
			};
			name = Release;
		};
/* End XCBuildConfiguration section */

/* Begin XCConfigurationList section */
		4466EA2526379322008981D2 /* Build configuration list for PBXProject "SwiftUIKitUIControlDemo" */ = {
			isa = XCConfigurationList;
			buildConfigurations = (
				4466EA3C26379324008981D2 /* Debug */,
				4466EA3D26379324008981D2 /* Release */,
			);
			defaultConfigurationIsVisible = 0;
			defaultConfigurationName = Release;
		};
		4466EA3E26379324008981D2 /* Build configuration list for PBXNativeTarget "SwiftUIKitUIControlDemo" */ = {
			isa = XCConfigurationList;
			buildConfigurations = (
				4466EA3F26379324008981D2 /* Debug */,
				4466EA4026379324008981D2 /* Release */,
			);
			defaultConfigurationIsVisible = 0;
			defaultConfigurationName = Release;
		};
/* End XCConfigurationList section */
	};
	rootObject = 4466EA2226379322008981D2 /* Project object */;
}
