// !$*UTF8*$!
{
	archiveVersion = 1;
	classes = {
	};
	objectVersion = 50;
	objects = {

/* Begin PBXBuildFile section */
		44A28CD5264CB81000CF43CE /* AppDelegate.m in Sources */ = {isa = PBXBuildFile; fileRef = 44A28CD4264CB81000CF43CE /* AppDelegate.m */; };
		44A28CD8264CB81000CF43CE /* SceneDelegate.m in Sources */ = {isa = PBXBuildFile; fileRef = 44A28CD7264CB81000CF43CE /* SceneDelegate.m */; };
		44A28CDB264CB81000CF43CE /* ViewController.m in Sources */ = {isa = PBXBuildFile; fileRef = 44A28CDA264CB81000CF43CE /* ViewController.m */; };
		44A28CDE264CB81000CF43CE /* Main.storyboard in Resources */ = {isa = PBXBuildFile; fileRef = 44A28CDC264CB81000CF43CE /* Main.storyboard */; };
		44A28CE0264CB81300CF43CE /* Assets.xcassets in Resources */ = {isa = PBXBuildFile; fileRef = 44A28CDF264CB81300CF43CE /* Assets.xcassets */; };
		44A28CE3264CB81300CF43CE /* LaunchScreen.storyboard in Resources */ = {isa = PBXBuildFile; fileRef = 44A28CE1264CB81300CF43CE /* LaunchScreen.storyboard */; };
		44A28CE6264CB81300CF43CE /* main.m in Sources */ = {isa = PBXBuildFile; fileRef = 44A28CE5264CB81300CF43CE /* main.m */; };
		44A28CF1264CB84600CF43CE /* FixSwift.swift in Sources */ = {isa = PBXBuildFile; fileRef = 44A28CF0264CB84600CF43CE /* FixSwift.swift */; };
/* End PBXBuildFile section */

/* Begin PBXFileReference section */
		44A28CD0264CB81000CF43CE /* TestFixSwift.app */ = {isa = PBXFileReference; explicitFileType = wrapper.application; includeInIndex = 0; path = TestFixSwift.app; sourceTree = BUILT_PRODUCTS_DIR; };
		44A28CD3264CB81000CF43CE /* AppDelegate.h */ = {isa = PBXFileReference; lastKnownFileType = sourcecode.c.h; path = AppDelegate.h; sourceTree = "<group>"; };
		44A28CD4264CB81000CF43CE /* AppDelegate.m */ = {isa = PBXFileReference; lastKnownFileType = sourcecode.c.objc; path = AppDelegate.m; sourceTree = "<group>"; };
		44A28CD6264CB81000CF43CE /* SceneDelegate.h */ = {isa = PBXFileReference; lastKnownFileType = sourcecode.c.h; path = SceneDelegate.h; sourceTree = "<group>"; };
		44A28CD7264CB81000CF43CE /* SceneDelegate.m */ = {isa = PBXFileReference; lastKnownFileType = sourcecode.c.objc; path = SceneDelegate.m; sourceTree = "<group>"; };
		44A28CD9264CB81000CF43CE /* ViewController.h */ = {isa = PBXFileReference; lastKnownFileType = sourcecode.c.h; path = ViewController.h; sourceTree = "<group>"; };
		44A28CDA264CB81000CF43CE /* ViewController.m */ = {isa = PBXFileReference; lastKnownFileType = sourcecode.c.objc; path = ViewController.m; sourceTree = "<group>"; };
		44A28CDD264CB81000CF43CE /* Base */ = {isa = PBXFileReference; lastKnownFileType = file.storyboard; name = Base; path = Base.lproj/Main.storyboard; sourceTree = "<group>"; };
		44A28CDF264CB81300CF43CE /* Assets.xcassets */ = {isa = PBXFileReference; lastKnownFileType = folder.assetcatalog; path = Assets.xcassets; sourceTree = "<group>"; };
		44A28CE2264CB81300CF43CE /* Base */ = {isa = PBXFileReference; lastKnownFileType = file.storyboard; name = Base; path = Base.lproj/LaunchScreen.storyboard; sourceTree = "<group>"; };
		44A28CE4264CB81300CF43CE /* Info.plist */ = {isa = PBXFileReference; lastKnownFileType = text.plist.xml; path = Info.plist; sourceTree = "<group>"; };
		44A28CE5264CB81300CF43CE /* main.m */ = {isa = PBXFileReference; lastKnownFileType = sourcecode.c.objc; path = main.m; sourceTree = "<group>"; };
		44A28CEF264CB84500CF43CE /* TestFixSwift-Bridging-Header.h */ = {isa = PBXFileReference; lastKnownFileType = sourcecode.c.h; path = "TestFixSwift-Bridging-Header.h"; sourceTree = "<group>"; };
		44A28CF0264CB84600CF43CE /* FixSwift.swift */ = {isa = PBXFileReference; lastKnownFileType = sourcecode.swift; path = FixSwift.swift; sourceTree = "<group>"; };
/* End PBXFileReference section */

/* Begin PBXFrameworksBuildPhase section */
		44A28CCD264CB81000CF43CE /* Frameworks */ = {
			isa = PBXFrameworksBuildPhase;
			buildActionMask = 2147483647;
			files = (
			);
			runOnlyForDeploymentPostprocessing = 0;
		};
/* End PBXFrameworksBuildPhase section */

/* Begin PBXGroup section */
		44A28CC7264CB81000CF43CE = {
			isa = PBXGroup;
			children = (
				44A28CD2264CB81000CF43CE /* TestFixSwift */,
				44A28CD1264CB81000CF43CE /* Products */,
			);
			sourceTree = "<group>";
		};
		44A28CD1264CB81000CF43CE /* Products */ = {
			isa = PBXGroup;
			children = (
				44A28CD0264CB81000CF43CE /* TestFixSwift.app */,
			);
			name = Products;
			sourceTree = "<group>";
		};
		44A28CD2264CB81000CF43CE /* TestFixSwift */ = {
			isa = PBXGroup;
			children = (
				44A28CD3264CB81000CF43CE /* AppDelegate.h */,
				44A28CD4264CB81000CF43CE /* AppDelegate.m */,
				44A28CD6264CB81000CF43CE /* SceneDelegate.h */,
				44A28CD7264CB81000CF43CE /* SceneDelegate.m */,
				44A28CD9264CB81000CF43CE /* ViewController.h */,
				44A28CDA264CB81000CF43CE /* ViewController.m */,
				44A28CF0264CB84600CF43CE /* FixSwift.swift */,
				44A28CDC264CB81000CF43CE /* Main.storyboard */,
				44A28CDF264CB81300CF43CE /* Assets.xcassets */,
				44A28CE1264CB81300CF43CE /* LaunchScreen.storyboard */,
				44A28CE4264CB81300CF43CE /* Info.plist */,
				44A28CE5264CB81300CF43CE /* main.m */,
				44A28CEF264CB84500CF43CE /* TestFixSwift-Bridging-Header.h */,
			);
			path = TestFixSwift;
			sourceTree = "<group>";
		};
/* End PBXGroup section */

/* Begin PBXNativeTarget section */
		44A28CCF264CB81000CF43CE /* TestFixSwift */ = {
			isa = PBXNativeTarget;
			buildConfigurationList = 44A28CE9264CB81300CF43CE /* Build configuration list for PBXNativeTarget "TestFixSwift" */;
			buildPhases = (
				44A28CCC264CB81000CF43CE /* Sources */,
				44A28CCD264CB81000CF43CE /* Frameworks */,
				44A28CCE264CB81000CF43CE /* Resources */,
			);
			buildRules = (
			);
			dependencies = (
			);
			name = TestFixSwift;
			productName = TestFixSwift;
			productReference = 44A28CD0264CB81000CF43CE /* TestFixSwift.app */;
			productType = "com.apple.product-type.application";
		};
/* End PBXNativeTarget section */

/* Begin PBXProject section */
		44A28CC8264CB81000CF43CE /* Project object */ = {
			isa = PBXProject;
			attributes = {
				LastUpgradeCheck = 1130;
				ORGANIZATIONNAME = MyZone;
				TargetAttributes = {
					44A28CCF264CB81000CF43CE = {
						CreatedOnToolsVersion = 11.3.1;
						LastSwiftMigration = 1130;
					};
				};
			};
			buildConfigurationList = 44A28CCB264CB81000CF43CE /* Build configuration list for PBXProject "TestFixSwift" */;
			compatibilityVersion = "Xcode 9.3";
			developmentRegion = en;
			hasScannedForEncodings = 0;
			knownRegions = (
				en,
				Base,
			);
			mainGroup = 44A28CC7264CB81000CF43CE;
			productRefGroup = 44A28CD1264CB81000CF43CE /* Products */;
			projectDirPath = "";
			projectRoot = "";
			targets = (
				44A28CCF264CB81000CF43CE /* TestFixSwift */,
			);
		};
/* End PBXProject section */

/* Begin PBXResourcesBuildPhase section */
		44A28CCE264CB81000CF43CE /* Resources */ = {
			isa = PBXResourcesBuildPhase;
			buildActionMask = 2147483647;
			files = (
				44A28CE3264CB81300CF43CE /* LaunchScreen.storyboard in Resources */,
				44A28CE0264CB81300CF43CE /* Assets.xcassets in Resources */,
				44A28CDE264CB81000CF43CE /* Main.storyboard in Resources */,
			);
			runOnlyForDeploymentPostprocessing = 0;
		};
/* End PBXResourcesBuildPhase section */

/* Begin PBXSourcesBuildPhase section */
		44A28CCC264CB81000CF43CE /* Sources */ = {
			isa = PBXSourcesBuildPhase;
			buildActionMask = 2147483647;
			files = (
				44A28CDB264CB81000CF43CE /* ViewController.m in Sources */,
				44A28CD5264CB81000CF43CE /* AppDelegate.m in Sources */,
				44A28CE6264CB81300CF43CE /* main.m in Sources */,
				44A28CD8264CB81000CF43CE /* SceneDelegate.m in Sources */,
				44A28CF1264CB84600CF43CE /* FixSwift.swift in Sources */,
			);
			runOnlyForDeploymentPostprocessing = 0;
		};
/* End PBXSourcesBuildPhase section */

/* Begin PBXVariantGroup section */
		44A28CDC264CB81000CF43CE /* Main.storyboard */ = {
			isa = PBXVariantGroup;
			children = (
				44A28CDD264CB81000CF43CE /* Base */,
			);
			name = Main.storyboard;
			sourceTree = "<group>";
		};
		44A28CE1264CB81300CF43CE /* LaunchScreen.storyboard */ = {
			isa = PBXVariantGroup;
			children = (
				44A28CE2264CB81300CF43CE /* Base */,
			);
			name = LaunchScreen.storyboard;
			sourceTree = "<group>";
		};
/* End PBXVariantGroup section */

/* Begin XCBuildConfiguration section */
		44A28CE7264CB81300CF43CE /* Debug */ = {
			isa = XCBuildConfiguration;
			buildSettings = {
				ALWAYS_SEARCH_USER_PATHS = NO;
				CLANG_ANALYZER_NONNULL = YES;
				CLANG_ANALYZER_NUMBER_OBJECT_CONVERSION = YES_AGGRESSIVE;
				CLANG_CXX_LANGUAGE_STANDARD = "gnu++14";
				CLANG_CXX_LIBRARY = "libc++";
				CLANG_ENABLE_MODULES = YES;
				CLANG_ENABLE_OBJC_ARC = YES;
				CLANG_ENABLE_OBJC_WEAK = YES;
				CLANG_WARN_BLOCK_CAPTURE_AUTORELEASING = YES;
				CLANG_WARN_BOOL_CONVERSION = YES;
				CLANG_WARN_COMMA = YES;
				CLANG_WARN_CONSTANT_CONVERSION = YES;
				CLANG_WARN_DEPRECATED_OBJC_IMPLEMENTATIONS = YES;
				CLANG_WARN_DIRECT_OBJC_ISA_USAGE = YES_ERROR;
				CLANG_WARN_DOCUMENTATION_COMMENTS = YES;
				CLANG_WARN_EMPTY_BODY = YES;
				CLANG_WARN_ENUM_CONVERSION = YES;
				CLANG_WARN_INFINITE_RECURSION = YES;
				CLANG_WARN_INT_CONVERSION = YES;
				CLANG_WARN_NON_LITERAL_NULL_CONVERSION = YES;
				CLANG_WARN_OBJC_IMPLICIT_RETAIN_SELF = YES;
				CLANG_WARN_OBJC_LITERAL_CONVERSION = YES;
				CLANG_WARN_OBJC_ROOT_CLASS = YES_ERROR;
				CLANG_WARN_RANGE_LOOP_ANALYSIS = YES;
				CLANG_WARN_STRICT_PROTOTYPES = YES;
				CLANG_WARN_SUSPICIOUS_MOVE = YES;
				CLANG_WARN_UNGUARDED_AVAILABILITY = YES_AGGRESSIVE;
				CLANG_WARN_UNREACHABLE_CODE = YES;
				CLANG_WARN__DUPLICATE_METHOD_MATCH = YES;
				COPY_PHASE_STRIP = NO;
				DEBUG_INFORMATION_FORMAT = dwarf;
				ENABLE_STRICT_OBJC_MSGSEND = YES;
				ENABLE_TESTABILITY = YES;
				GCC_C_LANGUAGE_STANDARD = gnu11;
				GCC_DYNAMIC_NO_PIC = NO;
				GCC_NO_COMMON_BLOCKS = YES;
				GCC_OPTIMIZATION_LEVEL = 0;
				GCC_PREPROCESSOR_DEFINITIONS = (
					"DEBUG=1",
					"$(inherited)",
				);
				GCC_WARN_64_TO_32_BIT_CONVERSION = YES;
				GCC_WARN_ABOUT_RETURN_TYPE = YES_ERROR;
				GCC_WARN_UNDECLARED_SELECTOR = YES;
				GCC_WARN_UNINITIALIZED_AUTOS = YES_AGGRESSIVE;
				GCC_WARN_UNUSED_FUNCTION = YES;
				GCC_WARN_UNUSED_VARIABLE = YES;
				IPHONEOS_DEPLOYMENT_TARGET = 13.2;
				MTL_ENABLE_DEBUG_INFO = INCLUDE_SOURCE;
				MTL_FAST_MATH = YES;
				ONLY_ACTIVE_ARCH = YES;
				SDKROOT = iphoneos;
			};
			name = Debug;
		};
		44A28CE8264CB81300CF43CE /* Release */ = {
			isa = XCBuildConfiguration;
			buildSettings = {
				ALWAYS_SEARCH_USER_PATHS = NO;
				CLANG_ANALYZER_NONNULL = YES;
				CLANG_ANALYZER_NUMBER_OBJECT_CONVERSION = YES_AGGRESSIVE;
				CLANG_CXX_LANGUAGE_STANDARD = "gnu++14";
				CLANG_CXX_LIBRARY = "libc++";
				CLANG_ENABLE_MODULES = YES;
				CLANG_ENABLE_OBJC_ARC = YES;
				CLANG_ENABLE_OBJC_WEAK = YES;
				CLANG_WARN_BLOCK_CAPTURE_AUTORELEASING = YES;
				CLANG_WARN_BOOL_CONVERSION = YES;
				CLANG_WARN_COMMA = YES;
				CLANG_WARN_CONSTANT_CONVERSION = YES;
				CLANG_WARN_DEPRECATED_OBJC_IMPLEMENTATIONS = YES;
				CLANG_WARN_DIRECT_OBJC_ISA_USAGE = YES_ERROR;
				CLANG_WARN_DOCUMENTATION_COMMENTS = YES;
				CLANG_WARN_EMPTY_BODY = YES;
				CLANG_WARN_ENUM_CONVERSION = YES;
				CLANG_WARN_INFINITE_RECURSION = YES;
				CLANG_WARN_INT_CONVERSION = YES;
				CLANG_WARN_NON_LITERAL_NULL_CONVERSION = YES;
				CLANG_WARN_OBJC_IMPLICIT_RETAIN_SELF = YES;
				CLANG_WARN_OBJC_LITERAL_CONVERSION = YES;
				CLANG_WARN_OBJC_ROOT_CLASS = YES_ERROR;
				CLANG_WARN_RANGE_LOOP_ANALYSIS = YES;
				CLANG_WARN_STRICT_PROTOTYPES = YES;
				CLANG_WARN_SUSPICIOUS_MOVE = YES;
				CLANG_WARN_UNGUARDED_AVAILABILITY = YES_AGGRESSIVE;
				CLANG_WARN_UNREACHABLE_CODE = YES;
				CLANG_WARN__DUPLICATE_METHOD_MATCH = YES;
				COPY_PHASE_STRIP = NO;
				DEBUG_INFORMATION_FORMAT = "dwarf-with-dsym";
				ENABLE_NS_ASSERTIONS = NO;
				ENABLE_STRICT_OBJC_MSGSEND = YES;
				GCC_C_LANGUAGE_STANDARD = gnu11;
				GCC_NO_COMMON_BLOCKS = YES;
				GCC_WARN_64_TO_32_BIT_CONVERSION = YES;
				GCC_WARN_ABOUT_RETURN_TYPE = YES_ERROR;
				GCC_WARN_UNDECLARED_SELECTOR = YES;
				GCC_WARN_UNINITIALIZED_AUTOS = YES_AGGRESSIVE;
				GCC_WARN_UNUSED_FUNCTION = YES;
				GCC_WARN_UNUSED_VARIABLE = YES;
				IPHONEOS_DEPLOYMENT_TARGET = 13.2;
				MTL_ENABLE_DEBUG_INFO = NO;
				MTL_FAST_MATH = YES;
				SDKROOT = iphoneos;
				VALIDATE_PRODUCT = YES;
			};
			name = Release;
		};
		44A28CEA264CB81300CF43CE /* Debug */ = {
			isa = XCBuildConfiguration;
			buildSettings = {
				ASSETCATALOG_COMPILER_APPICON_NAME = AppIcon;
				CLANG_ENABLE_MODULES = YES;
				CODE_SIGN_STYLE = Automatic;
				DEFINES_MODULE = YES;
				DEVELOPMENT_TEAM = VAA9XW756G;
				INFOPLIST_FILE = TestFixSwift/Info.plist;
				LD_RUNPATH_SEARCH_PATHS = (
					"$(inherited)",
					"@executable_path/Frameworks",
				);
				PRODUCT_BUNDLE_IDENTIFIER = com.vicentz.TestFixSwift;
				PRODUCT_NAME = "$(TARGET_NAME)";
				SWIFT_OBJC_BRIDGING_HEADER = "TestFixSwift/TestFixSwift-Bridging-Header.h";
				SWIFT_OPTIMIZATION_LEVEL = "-Onone";
				SWIFT_VERSION = 5.0;
				TARGETED_DEVICE_FAMILY = "1,2";
			};
			name = Debug;
		};
		44A28CEB264CB81300CF43CE /* Release */ = {
			isa = XCBuildConfiguration;
			buildSettings = {
				ASSETCATALOG_COMPILER_APPICON_NAME = AppIcon;
				CLANG_ENABLE_MODULES = YES;
				CODE_SIGN_STYLE = Automatic;
				DEFINES_MODULE = YES;
				DEVELOPMENT_TEAM = VAA9XW756G;
				INFOPLIST_FILE = TestFixSwift/Info.plist;
				LD_RUNPATH_SEARCH_PATHS = (
					"$(inherited)",
					"@executable_path/Frameworks",
				);
				PRODUCT_BUNDLE_IDENTIFIER = com.vicentz.TestFixSwift;
				PRODUCT_NAME = "$(TARGET_NAME)";
				SWIFT_OBJC_BRIDGING_HEADER = "TestFixSwift/TestFixSwift-Bridging-Header.h";
				SWIFT_VERSION = 5.0;
				TARGETED_DEVICE_FAMILY = "1,2";
			};
			name = Release;
		};
/* End XCBuildConfiguration section */

/* Begin XCConfigurationList section */
		44A28CCB264CB81000CF43CE /* Build configuration list for PBXProject "TestFixSwift" */ = {
			isa = XCConfigurationList;
			buildConfigurations = (
				44A28CE7264CB81300CF43CE /* Debug */,
				44A28CE8264CB81300CF43CE /* Release */,
			);
			defaultConfigurationIsVisible = 0;
			defaultConfigurationName = Release;
		};
		44A28CE9264CB81300CF43CE /* Build configuration list for PBXNativeTarget "TestFixSwift" */ = {
			isa = XCConfigurationList;
			buildConfigurations = (
				44A28CEA264CB81300CF43CE /* Debug */,
				44A28CEB264CB81300CF43CE /* Release */,
			);
			defaultConfigurationIsVisible = 0;
			defaultConfigurationName = Release;
		};
/* End XCConfigurationList section */
	};
	rootObject = 44A28CC8264CB81000CF43CE /* Project object */;
}
